
Microsoft Visual Studio Solution File, Format Version 12.00
# Visual Studio 15
VisualStudioVersion = 15.0.28307.329
MinimumVisualStudioVersion = 10.0.40219.1
Project("{8BC9CEB8-8B4A-11D0-8D11-00A0C91BC942}") = "q4_assignment1", "q4_assignment1\q4_assignment1.vcxproj", "{D2E9D474-85E2-496C-9399-3C1629495463}"
EndProject
Global
	GlobalSection(SolutionConfigurationPlatforms) = preSolution
		Debug|x64 = Debug|x64
		Debug|x86 = Debug|x86
		Release|x64 = Release|x64
		Release|x86 = Release|x86
	EndGlobalSection
	GlobalSection(ProjectConfigurationPlatforms) = postSolution
		{D2E9D474-85E2-496C-9399-3C1629495463}.Debug|x64.ActiveCfg = Debug|x64
		{D2E9D474-85E2-496C-9399-3C1629495463}.Debug|x64.Build.0 = Debug|x64
		{D2E9D474-85E2-496C-9399-3C1629495463}.Debug|x86.ActiveCfg = Debug|Win32
		{D2E9D474-85E2-496C-9399-3C1629495463}.Debug|x86.Build.0 = Debug|Win32
		{D2E9D474-85E2-496C-9399-3C1629495463}.Release|x64.ActiveCfg = Release|x64
		{D2E9D474-85E2-496C-9399-3C1629495463}.Release|x64.Build.0 = Release|x64
		{D2E9D474-85E2-496C-9399-3C1629495463}.Release|x86.ActiveCfg = Release|Win32
		{D2E9D474-85E2-496C-9399-3C1629495463}.Release|x86.Build.0 = Release|Win32
	EndGlobalSection
	GlobalSection(SolutionProperties) = preSolution
		HideSolutionNode = FALSE
	EndGlobalSection
	GlobalSection(ExtensibilityGlobals) = postSolution
		SolutionGuid = {0651ED4E-D8B9-414C-B4DB-ACC0D95DF7C0}
	EndGlobalSection
EndGlobal
