
Microsoft Visual Studio Solution File, Format Version 12.00
# Visual Studio 15
VisualStudioVersion = 15.0.28307.329
MinimumVisualStudioVersion = 10.0.40219.1
Project("{8BC9CEB8-8B4A-11D0-8D11-00A0C91BC942}") = "q7_averageOfNumbers", "q7_averageOfNumbers\q7_averageOfNumbers.vcxproj", "{14374BFE-8AAF-43AD-AFC5-DF602CC71C8F}"
EndProject
Global
	GlobalSection(SolutionConfigurationPlatforms) = preSolution
		Debug|x64 = Debug|x64
		Debug|x86 = Debug|x86
		Release|x64 = Release|x64
		Release|x86 = Release|x86
	EndGlobalSection
	GlobalSection(ProjectConfigurationPlatforms) = postSolution
		{14374BFE-8AAF-43AD-AFC5-DF602CC71C8F}.Debug|x64.ActiveCfg = Debug|x64
		{14374BFE-8AAF-43AD-AFC5-DF602CC71C8F}.Debug|x64.Build.0 = Debug|x64
		{14374BFE-8AAF-43AD-AFC5-DF602CC71C8F}.Debug|x86.ActiveCfg = Debug|Win32
		{14374BFE-8AAF-43AD-AFC5-DF602CC71C8F}.Debug|x86.Build.0 = Debug|Win32
		{14374BFE-8AAF-43AD-AFC5-DF602CC71C8F}.Release|x64.ActiveCfg = Release|x64
		{14374BFE-8AAF-43AD-AFC5-DF602CC71C8F}.Release|x64.Build.0 = Release|x64
		{14374BFE-8AAF-43AD-AFC5-DF602CC71C8F}.Release|x86.ActiveCfg = Release|Win32
		{14374BFE-8AAF-43AD-AFC5-DF602CC71C8F}.Release|x86.Build.0 = Release|Win32
	EndGlobalSection
	GlobalSection(SolutionProperties) = preSolution
		HideSolutionNode = FALSE
	EndGlobalSection
	GlobalSection(ExtensibilityGlobals) = postSolution
		SolutionGuid = {FEE4688C-9131-462E-AAAA-5E3E03BF2BEE}
	EndGlobalSection
EndGlobal
