
Microsoft Visual Studio Solution File, Format Version 12.00
# Visual Studio 15
VisualStudioVersion = 15.0.28307.421
MinimumVisualStudioVersion = 10.0.40219.1
Project("{FAE04EC0-301F-11D3-BF4B-00C04F79EFBC}") = "DotNetDemoClass1", "DotNetDemoClass1\DotNetDemoClass1.csproj", "{746E03C6-F532-4E8D-BC36-A45C7FA9FABF}"
EndProject
Project("{FAE04EC0-301F-11D3-BF4B-00C04F79EFBC}") = "ClassLibrary1", "ClassLibrary1\ClassLibrary1.csproj", "{76D5CF4E-C268-47B3-9330-92E9F1E275DB}"
EndProject
Global
	GlobalSection(SolutionConfigurationPlatforms) = preSolution
		Debug|Any CPU = Debug|Any CPU
		Release|Any CPU = Release|Any CPU
	EndGlobalSection
	GlobalSection(ProjectConfigurationPlatforms) = postSolution
		{746E03C6-F532-4E8D-BC36-A45C7FA9FABF}.Debug|Any CPU.ActiveCfg = Debug|Any CPU
		{746E03C6-F532-4E8D-BC36-A45C7FA9FABF}.Debug|Any CPU.Build.0 = Debug|Any CPU
		{746E03C6-F532-4E8D-BC36-A45C7FA9FABF}.Release|Any CPU.ActiveCfg = Release|Any CPU
		{746E03C6-F532-4E8D-BC36-A45C7FA9FABF}.Release|Any CPU.Build.0 = Release|Any CPU
		{76D5CF4E-C268-47B3-9330-92E9F1E275DB}.Debug|Any CPU.ActiveCfg = Debug|Any CPU
		{76D5CF4E-C268-47B3-9330-92E9F1E275DB}.Debug|Any CPU.Build.0 = Debug|Any CPU
		{76D5CF4E-C268-47B3-9330-92E9F1E275DB}.Release|Any CPU.ActiveCfg = Release|Any CPU
		{76D5CF4E-C268-47B3-9330-92E9F1E275DB}.Release|Any CPU.Build.0 = Release|Any CPU
	EndGlobalSection
	GlobalSection(SolutionProperties) = preSolution
		HideSolutionNode = FALSE
	EndGlobalSection
	GlobalSection(ExtensibilityGlobals) = postSolution
		SolutionGuid = {B356FB7F-8973-4684-B931-EC813E53C0B8}
	EndGlobalSection
EndGlobal
