
Microsoft Visual Studio Solution File, Format Version 12.00
# Visual Studio 15
VisualStudioVersion = 15.0.28307.421
MinimumVisualStudioVersion = 10.0.40219.1
Project("{8BC9CEB8-8B4A-11D0-8D11-00A0C91BC942}") = "Assignment_1", "Assignment_1\Assignment_1.vcxproj", "{1862F581-DA18-4725-95F0-9966496AF480}"
EndProject
Project("{8BC9CEB8-8B4A-11D0-8D11-00A0C91BC942}") = "CountCharacters", "CountCharacters\CountCharacters.vcxproj", "{F6276A93-4A5D-43DB-A9E3-86726A3A9AA3}"
EndProject
Project("{8BC9CEB8-8B4A-11D0-8D11-00A0C91BC942}") = "HexValue", "HexValue\HexValue.vcxproj", "{AD350938-BE4F-4C06-A28B-10566D197BD3}"
EndProject
Project("{8BC9CEB8-8B4A-11D0-8D11-00A0C91BC942}") = "ArmstrongNumber", "ArmstrongNumber\ArmstrongNumber.vcxproj", "{348FA997-E311-48E9-9C00-AFB7CA4A6934}"
EndProject
Project("{8BC9CEB8-8B4A-11D0-8D11-00A0C91BC942}") = "Palindrome", "Palindrome\Palindrome.vcxproj", "{C84C1C8A-39D2-4ACE-94FF-BF8F14E475BF}"
EndProject
Project("{8BC9CEB8-8B4A-11D0-8D11-00A0C91BC942}") = "DecToBin", "DecToBin\DecToBin.vcxproj", "{DBA642DC-6853-49C9-BD2F-4E3830AFD649}"
EndProject
Project("{8BC9CEB8-8B4A-11D0-8D11-00A0C91BC942}") = "ValuesEntered", "ValuesEntered\ValuesEntered.vcxproj", "{50834295-9946-47DC-AFEE-C50809F87244}"
EndProject
Project("{8BC9CEB8-8B4A-11D0-8D11-00A0C91BC942}") = "GrossSalary", "GrossSalary\GrossSalary.vcxproj", "{0B4555FC-BEDD-4A1F-9542-B378209FA27D}"
EndProject
Project("{8BC9CEB8-8B4A-11D0-8D11-00A0C91BC942}") = "Pyramid", "Pyramid\Pyramid.vcxproj", "{DB4735CB-04F5-46BE-BF4E-FDC10E40B428}"
EndProject
Project("{8BC9CEB8-8B4A-11D0-8D11-00A0C91BC942}") = "SumOfNumbers", "SumOfNumbers\SumOfNumbers.vcxproj", "{16E1643D-DEEC-41EB-816F-73275C3D04F2}"
EndProject
Project("{8BC9CEB8-8B4A-11D0-8D11-00A0C91BC942}") = "SimpleInterest", "SimpleInterest\SimpleInterest.vcxproj", "{E264868E-B5F8-4257-9630-8F3783C88CFB}"
EndProject
Project("{8BC9CEB8-8B4A-11D0-8D11-00A0C91BC942}") = "RotateInteger", "RotateInteger\RotateInteger.vcxproj", "{FB13E798-3039-441D-8517-4B6D41640FBA}"
EndProject
Project("{8BC9CEB8-8B4A-11D0-8D11-00A0C91BC942}") = "InvertSpecBits", "InvertSpecBits\InvertSpecBits.vcxproj", "{E0EC8744-8EFD-4B17-8B3C-C0282500ADB3}"
EndProject
Project("{8BC9CEB8-8B4A-11D0-8D11-00A0C91BC942}") = "Conversion", "Conversion\Conversion.vcxproj", "{37C347CC-7690-407B-B3DB-41456A42D369}"
EndProject
Project("{8BC9CEB8-8B4A-11D0-8D11-00A0C91BC942}") = "Arithmetic", "Arithmetic\Arithmetic.vcxproj", "{97DCE67C-0544-4253-AC9B-C7CC0C7640D3}"
EndProject
Project("{8BC9CEB8-8B4A-11D0-8D11-00A0C91BC942}") = "Calculator", "Calculator\Calculator.vcxproj", "{3CCDCE10-3F1D-44EA-B767-1618A7679E0E}"
EndProject
Global
	GlobalSection(SolutionConfigurationPlatforms) = preSolution
		Debug|x64 = Debug|x64
		Debug|x86 = Debug|x86
		Release|x64 = Release|x64
		Release|x86 = Release|x86
	EndGlobalSection
	GlobalSection(ProjectConfigurationPlatforms) = postSolution
		{1862F581-DA18-4725-95F0-9966496AF480}.Debug|x64.ActiveCfg = Debug|x64
		{1862F581-DA18-4725-95F0-9966496AF480}.Debug|x64.Build.0 = Debug|x64
		{1862F581-DA18-4725-95F0-9966496AF480}.Debug|x86.ActiveCfg = Debug|Win32
		{1862F581-DA18-4725-95F0-9966496AF480}.Debug|x86.Build.0 = Debug|Win32
		{1862F581-DA18-4725-95F0-9966496AF480}.Release|x64.ActiveCfg = Release|x64
		{1862F581-DA18-4725-95F0-9966496AF480}.Release|x64.Build.0 = Release|x64
		{1862F581-DA18-4725-95F0-9966496AF480}.Release|x86.ActiveCfg = Release|Win32
		{1862F581-DA18-4725-95F0-9966496AF480}.Release|x86.Build.0 = Release|Win32
		{F6276A93-4A5D-43DB-A9E3-86726A3A9AA3}.Debug|x64.ActiveCfg = Debug|x64
		{F6276A93-4A5D-43DB-A9E3-86726A3A9AA3}.Debug|x64.Build.0 = Debug|x64
		{F6276A93-4A5D-43DB-A9E3-86726A3A9AA3}.Debug|x86.ActiveCfg = Debug|Win32
		{F6276A93-4A5D-43DB-A9E3-86726A3A9AA3}.Debug|x86.Build.0 = Debug|Win32
		{F6276A93-4A5D-43DB-A9E3-86726A3A9AA3}.Release|x64.ActiveCfg = Release|x64
		{F6276A93-4A5D-43DB-A9E3-86726A3A9AA3}.Release|x64.Build.0 = Release|x64
		{F6276A93-4A5D-43DB-A9E3-86726A3A9AA3}.Release|x86.ActiveCfg = Release|Win32
		{F6276A93-4A5D-43DB-A9E3-86726A3A9AA3}.Release|x86.Build.0 = Release|Win32
		{AD350938-BE4F-4C06-A28B-10566D197BD3}.Debug|x64.ActiveCfg = Debug|x64
		{AD350938-BE4F-4C06-A28B-10566D197BD3}.Debug|x64.Build.0 = Debug|x64
		{AD350938-BE4F-4C06-A28B-10566D197BD3}.Debug|x86.ActiveCfg = Debug|Win32
		{AD350938-BE4F-4C06-A28B-10566D197BD3}.Debug|x86.Build.0 = Debug|Win32
		{AD350938-BE4F-4C06-A28B-10566D197BD3}.Release|x64.ActiveCfg = Release|x64
		{AD350938-BE4F-4C06-A28B-10566D197BD3}.Release|x64.Build.0 = Release|x64
		{AD350938-BE4F-4C06-A28B-10566D197BD3}.Release|x86.ActiveCfg = Release|Win32
		{AD350938-BE4F-4C06-A28B-10566D197BD3}.Release|x86.Build.0 = Release|Win32
		{348FA997-E311-48E9-9C00-AFB7CA4A6934}.Debug|x64.ActiveCfg = Debug|x64
		{348FA997-E311-48E9-9C00-AFB7CA4A6934}.Debug|x64.Build.0 = Debug|x64
		{348FA997-E311-48E9-9C00-AFB7CA4A6934}.Debug|x86.ActiveCfg = Debug|Win32
		{348FA997-E311-48E9-9C00-AFB7CA4A6934}.Debug|x86.Build.0 = Debug|Win32
		{348FA997-E311-48E9-9C00-AFB7CA4A6934}.Release|x64.ActiveCfg = Release|x64
		{348FA997-E311-48E9-9C00-AFB7CA4A6934}.Release|x64.Build.0 = Release|x64
		{348FA997-E311-48E9-9C00-AFB7CA4A6934}.Release|x86.ActiveCfg = Release|Win32
		{348FA997-E311-48E9-9C00-AFB7CA4A6934}.Release|x86.Build.0 = Release|Win32
		{C84C1C8A-39D2-4ACE-94FF-BF8F14E475BF}.Debug|x64.ActiveCfg = Debug|x64
		{C84C1C8A-39D2-4ACE-94FF-BF8F14E475BF}.Debug|x64.Build.0 = Debug|x64
		{C84C1C8A-39D2-4ACE-94FF-BF8F14E475BF}.Debug|x86.ActiveCfg = Debug|Win32
		{C84C1C8A-39D2-4ACE-94FF-BF8F14E475BF}.Debug|x86.Build.0 = Debug|Win32
		{C84C1C8A-39D2-4ACE-94FF-BF8F14E475BF}.Release|x64.ActiveCfg = Release|x64
		{C84C1C8A-39D2-4ACE-94FF-BF8F14E475BF}.Release|x64.Build.0 = Release|x64
		{C84C1C8A-39D2-4ACE-94FF-BF8F14E475BF}.Release|x86.ActiveCfg = Release|Win32
		{C84C1C8A-39D2-4ACE-94FF-BF8F14E475BF}.Release|x86.Build.0 = Release|Win32
		{DBA642DC-6853-49C9-BD2F-4E3830AFD649}.Debug|x64.ActiveCfg = Debug|x64
		{DBA642DC-6853-49C9-BD2F-4E3830AFD649}.Debug|x64.Build.0 = Debug|x64
		{DBA642DC-6853-49C9-BD2F-4E3830AFD649}.Debug|x86.ActiveCfg = Debug|Win32
		{DBA642DC-6853-49C9-BD2F-4E3830AFD649}.Debug|x86.Build.0 = Debug|Win32
		{DBA642DC-6853-49C9-BD2F-4E3830AFD649}.Release|x64.ActiveCfg = Release|x64
		{DBA642DC-6853-49C9-BD2F-4E3830AFD649}.Release|x64.Build.0 = Release|x64
		{DBA642DC-6853-49C9-BD2F-4E3830AFD649}.Release|x86.ActiveCfg = Release|Win32
		{DBA642DC-6853-49C9-BD2F-4E3830AFD649}.Release|x86.Build.0 = Release|Win32
		{50834295-9946-47DC-AFEE-C50809F87244}.Debug|x64.ActiveCfg = Debug|x64
		{50834295-9946-47DC-AFEE-C50809F87244}.Debug|x64.Build.0 = Debug|x64
		{50834295-9946-47DC-AFEE-C50809F87244}.Debug|x86.ActiveCfg = Debug|Win32
		{50834295-9946-47DC-AFEE-C50809F87244}.Debug|x86.Build.0 = Debug|Win32
		{50834295-9946-47DC-AFEE-C50809F87244}.Release|x64.ActiveCfg = Release|x64
		{50834295-9946-47DC-AFEE-C50809F87244}.Release|x64.Build.0 = Release|x64
		{50834295-9946-47DC-AFEE-C50809F87244}.Release|x86.ActiveCfg = Release|Win32
		{50834295-9946-47DC-AFEE-C50809F87244}.Release|x86.Build.0 = Release|Win32
		{0B4555FC-BEDD-4A1F-9542-B378209FA27D}.Debug|x64.ActiveCfg = Debug|x64
		{0B4555FC-BEDD-4A1F-9542-B378209FA27D}.Debug|x64.Build.0 = Debug|x64
		{0B4555FC-BEDD-4A1F-9542-B378209FA27D}.Debug|x86.ActiveCfg = Debug|Win32
		{0B4555FC-BEDD-4A1F-9542-B378209FA27D}.Debug|x86.Build.0 = Debug|Win32
		{0B4555FC-BEDD-4A1F-9542-B378209FA27D}.Release|x64.ActiveCfg = Release|x64
		{0B4555FC-BEDD-4A1F-9542-B378209FA27D}.Release|x64.Build.0 = Release|x64
		{0B4555FC-BEDD-4A1F-9542-B378209FA27D}.Release|x86.ActiveCfg = Release|Win32
		{0B4555FC-BEDD-4A1F-9542-B378209FA27D}.Release|x86.Build.0 = Release|Win32
		{DB4735CB-04F5-46BE-BF4E-FDC10E40B428}.Debug|x64.ActiveCfg = Debug|x64
		{DB4735CB-04F5-46BE-BF4E-FDC10E40B428}.Debug|x64.Build.0 = Debug|x64
		{DB4735CB-04F5-46BE-BF4E-FDC10E40B428}.Debug|x86.ActiveCfg = Debug|Win32
		{DB4735CB-04F5-46BE-BF4E-FDC10E40B428}.Debug|x86.Build.0 = Debug|Win32
		{DB4735CB-04F5-46BE-BF4E-FDC10E40B428}.Release|x64.ActiveCfg = Release|x64
		{DB4735CB-04F5-46BE-BF4E-FDC10E40B428}.Release|x64.Build.0 = Release|x64
		{DB4735CB-04F5-46BE-BF4E-FDC10E40B428}.Release|x86.ActiveCfg = Release|Win32
		{DB4735CB-04F5-46BE-BF4E-FDC10E40B428}.Release|x86.Build.0 = Release|Win32
		{16E1643D-DEEC-41EB-816F-73275C3D04F2}.Debug|x64.ActiveCfg = Debug|x64
		{16E1643D-DEEC-41EB-816F-73275C3D04F2}.Debug|x64.Build.0 = Debug|x64
		{16E1643D-DEEC-41EB-816F-73275C3D04F2}.Debug|x86.ActiveCfg = Debug|Win32
		{16E1643D-DEEC-41EB-816F-73275C3D04F2}.Debug|x86.Build.0 = Debug|Win32
		{16E1643D-DEEC-41EB-816F-73275C3D04F2}.Release|x64.ActiveCfg = Release|x64
		{16E1643D-DEEC-41EB-816F-73275C3D04F2}.Release|x64.Build.0 = Release|x64
		{16E1643D-DEEC-41EB-816F-73275C3D04F2}.Release|x86.ActiveCfg = Release|Win32
		{16E1643D-DEEC-41EB-816F-73275C3D04F2}.Release|x86.Build.0 = Release|Win32
		{E264868E-B5F8-4257-9630-8F3783C88CFB}.Debug|x64.ActiveCfg = Debug|x64
		{E264868E-B5F8-4257-9630-8F3783C88CFB}.Debug|x64.Build.0 = Debug|x64
		{E264868E-B5F8-4257-9630-8F3783C88CFB}.Debug|x86.ActiveCfg = Debug|Win32
		{E264868E-B5F8-4257-9630-8F3783C88CFB}.Debug|x86.Build.0 = Debug|Win32
		{E264868E-B5F8-4257-9630-8F3783C88CFB}.Release|x64.ActiveCfg = Release|x64
		{E264868E-B5F8-4257-9630-8F3783C88CFB}.Release|x64.Build.0 = Release|x64
		{E264868E-B5F8-4257-9630-8F3783C88CFB}.Release|x86.ActiveCfg = Release|Win32
		{E264868E-B5F8-4257-9630-8F3783C88CFB}.Release|x86.Build.0 = Release|Win32
		{FB13E798-3039-441D-8517-4B6D41640FBA}.Debug|x64.ActiveCfg = Debug|x64
		{FB13E798-3039-441D-8517-4B6D41640FBA}.Debug|x64.Build.0 = Debug|x64
		{FB13E798-3039-441D-8517-4B6D41640FBA}.Debug|x86.ActiveCfg = Debug|Win32
		{FB13E798-3039-441D-8517-4B6D41640FBA}.Debug|x86.Build.0 = Debug|Win32
		{FB13E798-3039-441D-8517-4B6D41640FBA}.Release|x64.ActiveCfg = Release|x64
		{FB13E798-3039-441D-8517-4B6D41640FBA}.Release|x64.Build.0 = Release|x64
		{FB13E798-3039-441D-8517-4B6D41640FBA}.Release|x86.ActiveCfg = Release|Win32
		{FB13E798-3039-441D-8517-4B6D41640FBA}.Release|x86.Build.0 = Release|Win32
		{E0EC8744-8EFD-4B17-8B3C-C0282500ADB3}.Debug|x64.ActiveCfg = Debug|x64
		{E0EC8744-8EFD-4B17-8B3C-C0282500ADB3}.Debug|x64.Build.0 = Debug|x64
		{E0EC8744-8EFD-4B17-8B3C-C0282500ADB3}.Debug|x86.ActiveCfg = Debug|Win32
		{E0EC8744-8EFD-4B17-8B3C-C0282500ADB3}.Debug|x86.Build.0 = Debug|Win32
		{E0EC8744-8EFD-4B17-8B3C-C0282500ADB3}.Release|x64.ActiveCfg = Release|x64
		{E0EC8744-8EFD-4B17-8B3C-C0282500ADB3}.Release|x64.Build.0 = Release|x64
		{E0EC8744-8EFD-4B17-8B3C-C0282500ADB3}.Release|x86.ActiveCfg = Release|Win32
		{E0EC8744-8EFD-4B17-8B3C-C0282500ADB3}.Release|x86.Build.0 = Release|Win32
		{37C347CC-7690-407B-B3DB-41456A42D369}.Debug|x64.ActiveCfg = Debug|x64
		{37C347CC-7690-407B-B3DB-41456A42D369}.Debug|x64.Build.0 = Debug|x64
		{37C347CC-7690-407B-B3DB-41456A42D369}.Debug|x86.ActiveCfg = Debug|Win32
		{37C347CC-7690-407B-B3DB-41456A42D369}.Debug|x86.Build.0 = Debug|Win32
		{37C347CC-7690-407B-B3DB-41456A42D369}.Release|x64.ActiveCfg = Release|x64
		{37C347CC-7690-407B-B3DB-41456A42D369}.Release|x64.Build.0 = Release|x64
		{37C347CC-7690-407B-B3DB-41456A42D369}.Release|x86.ActiveCfg = Release|Win32
		{37C347CC-7690-407B-B3DB-41456A42D369}.Release|x86.Build.0 = Release|Win32
		{97DCE67C-0544-4253-AC9B-C7CC0C7640D3}.Debug|x64.ActiveCfg = Debug|x64
		{97DCE67C-0544-4253-AC9B-C7CC0C7640D3}.Debug|x64.Build.0 = Debug|x64
		{97DCE67C-0544-4253-AC9B-C7CC0C7640D3}.Debug|x86.ActiveCfg = Debug|Win32
		{97DCE67C-0544-4253-AC9B-C7CC0C7640D3}.Debug|x86.Build.0 = Debug|Win32
		{97DCE67C-0544-4253-AC9B-C7CC0C7640D3}.Release|x64.ActiveCfg = Release|x64
		{97DCE67C-0544-4253-AC9B-C7CC0C7640D3}.Release|x64.Build.0 = Release|x64
		{97DCE67C-0544-4253-AC9B-C7CC0C7640D3}.Release|x86.ActiveCfg = Release|Win32
		{97DCE67C-0544-4253-AC9B-C7CC0C7640D3}.Release|x86.Build.0 = Release|Win32
		{3CCDCE10-3F1D-44EA-B767-1618A7679E0E}.Debug|x64.ActiveCfg = Debug|x64
		{3CCDCE10-3F1D-44EA-B767-1618A7679E0E}.Debug|x64.Build.0 = Debug|x64
		{3CCDCE10-3F1D-44EA-B767-1618A7679E0E}.Debug|x86.ActiveCfg = Debug|Win32
		{3CCDCE10-3F1D-44EA-B767-1618A7679E0E}.Debug|x86.Build.0 = Debug|Win32
		{3CCDCE10-3F1D-44EA-B767-1618A7679E0E}.Release|x64.ActiveCfg = Release|x64
		{3CCDCE10-3F1D-44EA-B767-1618A7679E0E}.Release|x64.Build.0 = Release|x64
		{3CCDCE10-3F1D-44EA-B767-1618A7679E0E}.Release|x86.ActiveCfg = Release|Win32
		{3CCDCE10-3F1D-44EA-B767-1618A7679E0E}.Release|x86.Build.0 = Release|Win32
	EndGlobalSection
	GlobalSection(SolutionProperties) = preSolution
		HideSolutionNode = FALSE
	EndGlobalSection
	GlobalSection(ExtensibilityGlobals) = postSolution
		SolutionGuid = {33B95898-1EE3-454D-840E-9102E9FD2F17}
	EndGlobalSection
EndGlobal
