
Microsoft Visual Studio Solution File, Format Version 12.00
# Visual Studio 15
VisualStudioVersion = 15.0.28307.329
MinimumVisualStudioVersion = 10.0.40219.1
Project("{8BC9CEB8-8B4A-11D0-8D11-00A0C91BC942}") = "q5_reverse_number", "q5_reverse_number\q5_reverse_number.vcxproj", "{5B947810-24A5-40DF-9B34-1B61F17EE4B9}"
EndProject
Global
	GlobalSection(SolutionConfigurationPlatforms) = preSolution
		Debug|x64 = Debug|x64
		Debug|x86 = Debug|x86
		Release|x64 = Release|x64
		Release|x86 = Release|x86
	EndGlobalSection
	GlobalSection(ProjectConfigurationPlatforms) = postSolution
		{5B947810-24A5-40DF-9B34-1B61F17EE4B9}.Debug|x64.ActiveCfg = Debug|x64
		{5B947810-24A5-40DF-9B34-1B61F17EE4B9}.Debug|x64.Build.0 = Debug|x64
		{5B947810-24A5-40DF-9B34-1B61F17EE4B9}.Debug|x86.ActiveCfg = Debug|Win32
		{5B947810-24A5-40DF-9B34-1B61F17EE4B9}.Debug|x86.Build.0 = Debug|Win32
		{5B947810-24A5-40DF-9B34-1B61F17EE4B9}.Release|x64.ActiveCfg = Release|x64
		{5B947810-24A5-40DF-9B34-1B61F17EE4B9}.Release|x64.Build.0 = Release|x64
		{5B947810-24A5-40DF-9B34-1B61F17EE4B9}.Release|x86.ActiveCfg = Release|Win32
		{5B947810-24A5-40DF-9B34-1B61F17EE4B9}.Release|x86.Build.0 = Release|Win32
	EndGlobalSection
	GlobalSection(SolutionProperties) = preSolution
		HideSolutionNode = FALSE
	EndGlobalSection
	GlobalSection(ExtensibilityGlobals) = postSolution
		SolutionGuid = {7EFE5E4F-A7D5-49A7-9E1F-0DC6898EBF50}
	EndGlobalSection
EndGlobal
