
Microsoft Visual Studio Solution File, Format Version 12.00
# Visual Studio 15
VisualStudioVersion = 15.0.28307.421
MinimumVisualStudioVersion = 10.0.40219.1
Project("{8BC9CEB8-8B4A-11D0-8D11-00A0C91BC942}") = "WindowsProg", "WindowsProg\WindowsProg.vcxproj", "{A2F7D2D6-7158-4969-B3BB-85E23253F3C5}"
EndProject
Project("{8BC9CEB8-8B4A-11D0-8D11-00A0C91BC942}") = "WriteFile", "WriteFile\WriteFile.vcxproj", "{E794FE51-2056-4267-8912-BF810FFC0ADC}"
EndProject
Project("{8BC9CEB8-8B4A-11D0-8D11-00A0C91BC942}") = "ReadFile", "ReadFile\ReadFile.vcxproj", "{691320BB-EADD-438C-BCCB-C7842AFCB5A9}"
EndProject
Project("{8BC9CEB8-8B4A-11D0-8D11-00A0C91BC942}") = "CreateProcess", "CreateProcess\CreateProcess.vcxproj", "{FDED5F97-18BC-4E5D-A09F-7AF2A2631070}"
EndProject
Project("{8BC9CEB8-8B4A-11D0-8D11-00A0C91BC942}") = "ChildProcesses", "ChildProcesses\ChildProcesses.vcxproj", "{2FA40E01-D83D-4E62-BB17-F20A561F319A}"
EndProject
Project("{8BC9CEB8-8B4A-11D0-8D11-00A0C91BC942}") = "InheritHandle_q10", "InheritHandle_q10\InheritHandle_q10.vcxproj", "{DA7AF730-10E0-4E26-873B-E07D0DC8C1C0}"
EndProject
Project("{8BC9CEB8-8B4A-11D0-8D11-00A0C91BC942}") = "CreateThread_12", "CreateThread_12\CreateThread_12.vcxproj", "{45151E6C-CFE2-4D90-B236-699114C0F1AA}"
EndProject
Project("{8BC9CEB8-8B4A-11D0-8D11-00A0C91BC942}") = "ThreadSuspend_13", "ThreadSuspend_13\ThreadSuspend_13.vcxproj", "{16685665-49CD-4228-9F72-FE0C796AAF53}"
EndProject
Project("{8BC9CEB8-8B4A-11D0-8D11-00A0C91BC942}") = "ThreadExitCode_14", "ThreadExitCode\ThreadExitCode.vcxproj", "{D598ADD9-7C34-499E-ACB9-7BED15036AE3}"
EndProject
Project("{8BC9CEB8-8B4A-11D0-8D11-00A0C91BC942}") = "TerminateThread_15", "TerminateThread_15\TerminateThread_15.vcxproj", "{1D04A56E-AB39-40B4-8C62-51135DF59D5B}"
EndProject
Project("{8BC9CEB8-8B4A-11D0-8D11-00A0C91BC942}") = "ProcessInfo", "ProcessInfo\ProcessInfo.vcxproj", "{9DE820DA-51EB-413C-B883-70320100A252}"
EndProject
Project("{8BC9CEB8-8B4A-11D0-8D11-00A0C91BC942}") = "TwoChildProcs_7", "TwoChildProcs_7\TwoChildProcs_7.vcxproj", "{6914909C-F283-4DA4-88E2-DC0E0F3E39DD}"
EndProject
Project("{8BC9CEB8-8B4A-11D0-8D11-00A0C91BC942}") = "ThreadSharedValue", "ThreadSharedValue\ThreadSharedValue.vcxproj", "{4061F2B1-9696-4648-8CE3-80C3F86FCBA4}"
EndProject
Project("{8BC9CEB8-8B4A-11D0-8D11-00A0C91BC942}") = "SampleDll", "SampleDll\SampleDll.vcxproj", "{88878632-A54A-4CBD-BEA7-8B9B3EB005A3}"
EndProject
Project("{8BC9CEB8-8B4A-11D0-8D11-00A0C91BC942}") = "DemoDll", "DemoDll\DemoDll.vcxproj", "{9E607B84-4ECE-4367-92BC-AD745E001EBF}"
EndProject
Global
	GlobalSection(SolutionConfigurationPlatforms) = preSolution
		Debug|x64 = Debug|x64
		Debug|x86 = Debug|x86
		Release|x64 = Release|x64
		Release|x86 = Release|x86
	EndGlobalSection
	GlobalSection(ProjectConfigurationPlatforms) = postSolution
		{A2F7D2D6-7158-4969-B3BB-85E23253F3C5}.Debug|x64.ActiveCfg = Debug|x64
		{A2F7D2D6-7158-4969-B3BB-85E23253F3C5}.Debug|x64.Build.0 = Debug|x64
		{A2F7D2D6-7158-4969-B3BB-85E23253F3C5}.Debug|x86.ActiveCfg = Debug|Win32
		{A2F7D2D6-7158-4969-B3BB-85E23253F3C5}.Debug|x86.Build.0 = Debug|Win32
		{A2F7D2D6-7158-4969-B3BB-85E23253F3C5}.Release|x64.ActiveCfg = Release|x64
		{A2F7D2D6-7158-4969-B3BB-85E23253F3C5}.Release|x64.Build.0 = Release|x64
		{A2F7D2D6-7158-4969-B3BB-85E23253F3C5}.Release|x86.ActiveCfg = Release|Win32
		{A2F7D2D6-7158-4969-B3BB-85E23253F3C5}.Release|x86.Build.0 = Release|Win32
		{E794FE51-2056-4267-8912-BF810FFC0ADC}.Debug|x64.ActiveCfg = Debug|x64
		{E794FE51-2056-4267-8912-BF810FFC0ADC}.Debug|x64.Build.0 = Debug|x64
		{E794FE51-2056-4267-8912-BF810FFC0ADC}.Debug|x86.ActiveCfg = Debug|Win32
		{E794FE51-2056-4267-8912-BF810FFC0ADC}.Debug|x86.Build.0 = Debug|Win32
		{E794FE51-2056-4267-8912-BF810FFC0ADC}.Release|x64.ActiveCfg = Release|x64
		{E794FE51-2056-4267-8912-BF810FFC0ADC}.Release|x64.Build.0 = Release|x64
		{E794FE51-2056-4267-8912-BF810FFC0ADC}.Release|x86.ActiveCfg = Release|Win32
		{E794FE51-2056-4267-8912-BF810FFC0ADC}.Release|x86.Build.0 = Release|Win32
		{691320BB-EADD-438C-BCCB-C7842AFCB5A9}.Debug|x64.ActiveCfg = Debug|x64
		{691320BB-EADD-438C-BCCB-C7842AFCB5A9}.Debug|x64.Build.0 = Debug|x64
		{691320BB-EADD-438C-BCCB-C7842AFCB5A9}.Debug|x86.ActiveCfg = Debug|Win32
		{691320BB-EADD-438C-BCCB-C7842AFCB5A9}.Debug|x86.Build.0 = Debug|Win32
		{691320BB-EADD-438C-BCCB-C7842AFCB5A9}.Release|x64.ActiveCfg = Release|x64
		{691320BB-EADD-438C-BCCB-C7842AFCB5A9}.Release|x64.Build.0 = Release|x64
		{691320BB-EADD-438C-BCCB-C7842AFCB5A9}.Release|x86.ActiveCfg = Release|Win32
		{691320BB-EADD-438C-BCCB-C7842AFCB5A9}.Release|x86.Build.0 = Release|Win32
		{FDED5F97-18BC-4E5D-A09F-7AF2A2631070}.Debug|x64.ActiveCfg = Debug|x64
		{FDED5F97-18BC-4E5D-A09F-7AF2A2631070}.Debug|x64.Build.0 = Debug|x64
		{FDED5F97-18BC-4E5D-A09F-7AF2A2631070}.Debug|x86.ActiveCfg = Debug|Win32
		{FDED5F97-18BC-4E5D-A09F-7AF2A2631070}.Debug|x86.Build.0 = Debug|Win32
		{FDED5F97-18BC-4E5D-A09F-7AF2A2631070}.Release|x64.ActiveCfg = Release|x64
		{FDED5F97-18BC-4E5D-A09F-7AF2A2631070}.Release|x64.Build.0 = Release|x64
		{FDED5F97-18BC-4E5D-A09F-7AF2A2631070}.Release|x86.ActiveCfg = Release|Win32
		{FDED5F97-18BC-4E5D-A09F-7AF2A2631070}.Release|x86.Build.0 = Release|Win32
		{2FA40E01-D83D-4E62-BB17-F20A561F319A}.Debug|x64.ActiveCfg = Debug|x64
		{2FA40E01-D83D-4E62-BB17-F20A561F319A}.Debug|x64.Build.0 = Debug|x64
		{2FA40E01-D83D-4E62-BB17-F20A561F319A}.Debug|x86.ActiveCfg = Debug|Win32
		{2FA40E01-D83D-4E62-BB17-F20A561F319A}.Debug|x86.Build.0 = Debug|Win32
		{2FA40E01-D83D-4E62-BB17-F20A561F319A}.Release|x64.ActiveCfg = Release|x64
		{2FA40E01-D83D-4E62-BB17-F20A561F319A}.Release|x64.Build.0 = Release|x64
		{2FA40E01-D83D-4E62-BB17-F20A561F319A}.Release|x86.ActiveCfg = Release|Win32
		{2FA40E01-D83D-4E62-BB17-F20A561F319A}.Release|x86.Build.0 = Release|Win32
		{DA7AF730-10E0-4E26-873B-E07D0DC8C1C0}.Debug|x64.ActiveCfg = Debug|x64
		{DA7AF730-10E0-4E26-873B-E07D0DC8C1C0}.Debug|x64.Build.0 = Debug|x64
		{DA7AF730-10E0-4E26-873B-E07D0DC8C1C0}.Debug|x86.ActiveCfg = Debug|Win32
		{DA7AF730-10E0-4E26-873B-E07D0DC8C1C0}.Debug|x86.Build.0 = Debug|Win32
		{DA7AF730-10E0-4E26-873B-E07D0DC8C1C0}.Release|x64.ActiveCfg = Release|x64
		{DA7AF730-10E0-4E26-873B-E07D0DC8C1C0}.Release|x64.Build.0 = Release|x64
		{DA7AF730-10E0-4E26-873B-E07D0DC8C1C0}.Release|x86.ActiveCfg = Release|Win32
		{DA7AF730-10E0-4E26-873B-E07D0DC8C1C0}.Release|x86.Build.0 = Release|Win32
		{45151E6C-CFE2-4D90-B236-699114C0F1AA}.Debug|x64.ActiveCfg = Debug|x64
		{45151E6C-CFE2-4D90-B236-699114C0F1AA}.Debug|x64.Build.0 = Debug|x64
		{45151E6C-CFE2-4D90-B236-699114C0F1AA}.Debug|x86.ActiveCfg = Debug|Win32
		{45151E6C-CFE2-4D90-B236-699114C0F1AA}.Debug|x86.Build.0 = Debug|Win32
		{45151E6C-CFE2-4D90-B236-699114C0F1AA}.Release|x64.ActiveCfg = Release|x64
		{45151E6C-CFE2-4D90-B236-699114C0F1AA}.Release|x64.Build.0 = Release|x64
		{45151E6C-CFE2-4D90-B236-699114C0F1AA}.Release|x86.ActiveCfg = Release|Win32
		{45151E6C-CFE2-4D90-B236-699114C0F1AA}.Release|x86.Build.0 = Release|Win32
		{16685665-49CD-4228-9F72-FE0C796AAF53}.Debug|x64.ActiveCfg = Debug|x64
		{16685665-49CD-4228-9F72-FE0C796AAF53}.Debug|x64.Build.0 = Debug|x64
		{16685665-49CD-4228-9F72-FE0C796AAF53}.Debug|x86.ActiveCfg = Debug|Win32
		{16685665-49CD-4228-9F72-FE0C796AAF53}.Debug|x86.Build.0 = Debug|Win32
		{16685665-49CD-4228-9F72-FE0C796AAF53}.Release|x64.ActiveCfg = Release|x64
		{16685665-49CD-4228-9F72-FE0C796AAF53}.Release|x64.Build.0 = Release|x64
		{16685665-49CD-4228-9F72-FE0C796AAF53}.Release|x86.ActiveCfg = Release|Win32
		{16685665-49CD-4228-9F72-FE0C796AAF53}.Release|x86.Build.0 = Release|Win32
		{D598ADD9-7C34-499E-ACB9-7BED15036AE3}.Debug|x64.ActiveCfg = Debug|x64
		{D598ADD9-7C34-499E-ACB9-7BED15036AE3}.Debug|x64.Build.0 = Debug|x64
		{D598ADD9-7C34-499E-ACB9-7BED15036AE3}.Debug|x86.ActiveCfg = Debug|Win32
		{D598ADD9-7C34-499E-ACB9-7BED15036AE3}.Debug|x86.Build.0 = Debug|Win32
		{D598ADD9-7C34-499E-ACB9-7BED15036AE3}.Release|x64.ActiveCfg = Release|x64
		{D598ADD9-7C34-499E-ACB9-7BED15036AE3}.Release|x64.Build.0 = Release|x64
		{D598ADD9-7C34-499E-ACB9-7BED15036AE3}.Release|x86.ActiveCfg = Release|Win32
		{D598ADD9-7C34-499E-ACB9-7BED15036AE3}.Release|x86.Build.0 = Release|Win32
		{1D04A56E-AB39-40B4-8C62-51135DF59D5B}.Debug|x64.ActiveCfg = Debug|x64
		{1D04A56E-AB39-40B4-8C62-51135DF59D5B}.Debug|x64.Build.0 = Debug|x64
		{1D04A56E-AB39-40B4-8C62-51135DF59D5B}.Debug|x86.ActiveCfg = Debug|Win32
		{1D04A56E-AB39-40B4-8C62-51135DF59D5B}.Debug|x86.Build.0 = Debug|Win32
		{1D04A56E-AB39-40B4-8C62-51135DF59D5B}.Release|x64.ActiveCfg = Release|x64
		{1D04A56E-AB39-40B4-8C62-51135DF59D5B}.Release|x64.Build.0 = Release|x64
		{1D04A56E-AB39-40B4-8C62-51135DF59D5B}.Release|x86.ActiveCfg = Release|Win32
		{1D04A56E-AB39-40B4-8C62-51135DF59D5B}.Release|x86.Build.0 = Release|Win32
		{9DE820DA-51EB-413C-B883-70320100A252}.Debug|x64.ActiveCfg = Debug|x64
		{9DE820DA-51EB-413C-B883-70320100A252}.Debug|x64.Build.0 = Debug|x64
		{9DE820DA-51EB-413C-B883-70320100A252}.Debug|x86.ActiveCfg = Debug|Win32
		{9DE820DA-51EB-413C-B883-70320100A252}.Debug|x86.Build.0 = Debug|Win32
		{9DE820DA-51EB-413C-B883-70320100A252}.Release|x64.ActiveCfg = Release|x64
		{9DE820DA-51EB-413C-B883-70320100A252}.Release|x64.Build.0 = Release|x64
		{9DE820DA-51EB-413C-B883-70320100A252}.Release|x86.ActiveCfg = Release|Win32
		{9DE820DA-51EB-413C-B883-70320100A252}.Release|x86.Build.0 = Release|Win32
		{6914909C-F283-4DA4-88E2-DC0E0F3E39DD}.Debug|x64.ActiveCfg = Debug|x64
		{6914909C-F283-4DA4-88E2-DC0E0F3E39DD}.Debug|x64.Build.0 = Debug|x64
		{6914909C-F283-4DA4-88E2-DC0E0F3E39DD}.Debug|x86.ActiveCfg = Debug|Win32
		{6914909C-F283-4DA4-88E2-DC0E0F3E39DD}.Debug|x86.Build.0 = Debug|Win32
		{6914909C-F283-4DA4-88E2-DC0E0F3E39DD}.Release|x64.ActiveCfg = Release|x64
		{6914909C-F283-4DA4-88E2-DC0E0F3E39DD}.Release|x64.Build.0 = Release|x64
		{6914909C-F283-4DA4-88E2-DC0E0F3E39DD}.Release|x86.ActiveCfg = Release|Win32
		{6914909C-F283-4DA4-88E2-DC0E0F3E39DD}.Release|x86.Build.0 = Release|Win32
		{4061F2B1-9696-4648-8CE3-80C3F86FCBA4}.Debug|x64.ActiveCfg = Debug|x64
		{4061F2B1-9696-4648-8CE3-80C3F86FCBA4}.Debug|x64.Build.0 = Debug|x64
		{4061F2B1-9696-4648-8CE3-80C3F86FCBA4}.Debug|x86.ActiveCfg = Debug|Win32
		{4061F2B1-9696-4648-8CE3-80C3F86FCBA4}.Debug|x86.Build.0 = Debug|Win32
		{4061F2B1-9696-4648-8CE3-80C3F86FCBA4}.Release|x64.ActiveCfg = Release|x64
		{4061F2B1-9696-4648-8CE3-80C3F86FCBA4}.Release|x64.Build.0 = Release|x64
		{4061F2B1-9696-4648-8CE3-80C3F86FCBA4}.Release|x86.ActiveCfg = Release|Win32
		{4061F2B1-9696-4648-8CE3-80C3F86FCBA4}.Release|x86.Build.0 = Release|Win32
		{88878632-A54A-4CBD-BEA7-8B9B3EB005A3}.Debug|x64.ActiveCfg = Debug|x64
		{88878632-A54A-4CBD-BEA7-8B9B3EB005A3}.Debug|x64.Build.0 = Debug|x64
		{88878632-A54A-4CBD-BEA7-8B9B3EB005A3}.Debug|x86.ActiveCfg = Debug|Win32
		{88878632-A54A-4CBD-BEA7-8B9B3EB005A3}.Debug|x86.Build.0 = Debug|Win32
		{88878632-A54A-4CBD-BEA7-8B9B3EB005A3}.Release|x64.ActiveCfg = Release|x64
		{88878632-A54A-4CBD-BEA7-8B9B3EB005A3}.Release|x64.Build.0 = Release|x64
		{88878632-A54A-4CBD-BEA7-8B9B3EB005A3}.Release|x86.ActiveCfg = Release|Win32
		{88878632-A54A-4CBD-BEA7-8B9B3EB005A3}.Release|x86.Build.0 = Release|Win32
		{9E607B84-4ECE-4367-92BC-AD745E001EBF}.Debug|x64.ActiveCfg = Debug|x64
		{9E607B84-4ECE-4367-92BC-AD745E001EBF}.Debug|x64.Build.0 = Debug|x64
		{9E607B84-4ECE-4367-92BC-AD745E001EBF}.Debug|x86.ActiveCfg = Debug|Win32
		{9E607B84-4ECE-4367-92BC-AD745E001EBF}.Debug|x86.Build.0 = Debug|Win32
		{9E607B84-4ECE-4367-92BC-AD745E001EBF}.Release|x64.ActiveCfg = Release|x64
		{9E607B84-4ECE-4367-92BC-AD745E001EBF}.Release|x64.Build.0 = Release|x64
		{9E607B84-4ECE-4367-92BC-AD745E001EBF}.Release|x86.ActiveCfg = Release|Win32
		{9E607B84-4ECE-4367-92BC-AD745E001EBF}.Release|x86.Build.0 = Release|Win32
	EndGlobalSection
	GlobalSection(SolutionProperties) = preSolution
		HideSolutionNode = FALSE
	EndGlobalSection
	GlobalSection(ExtensibilityGlobals) = postSolution
		SolutionGuid = {E8919325-7032-42EC-B461-15E7B99AA361}
	EndGlobalSection
EndGlobal
